// !$*UTF8*$!
{
	archiveVersion = 1;
	classes = {
	};
	objectVersion = 56;
	objects = {

/* Begin PBXBuildFile section */
		D01C51D2294B2CBB007A4F98 /* ProfileHeaderView.swift in Sources */ = {isa = PBXBuildFile; fileRef = D01C51D1294B2CBB007A4F98 /* ProfileHeaderView.swift */; };
		D01C51D4294B2D78007A4F98 /* ProfileViewController.swift in Sources */ = {isa = PBXBuildFile; fileRef = D01C51D3294B2D78007A4F98 /* ProfileViewController.swift */; };
		D04C7A8F296D817B009C4AB1 /* PhotosTableViewCell.swift in Sources */ = {isa = PBXBuildFile; fileRef = D04C7A8E296D817B009C4AB1 /* PhotosTableViewCell.swift */; };
		D04C7A91296D85E7009C4AB1 /* PhotosViewController.swift in Sources */ = {isa = PBXBuildFile; fileRef = D04C7A90296D85E7009C4AB1 /* PhotosViewController.swift */; };
		D04C7A93296D8637009C4AB1 /* Photo.swift in Sources */ = {isa = PBXBuildFile; fileRef = D04C7A92296D8637009C4AB1 /* Photo.swift */; };
		D04C7A95296D867E009C4AB1 /* PhotosCollectionViewCell.swift in Sources */ = {isa = PBXBuildFile; fileRef = D04C7A94296D867E009C4AB1 /* PhotosCollectionViewCell.swift */; };
		D09E22AC2950C7DA00088851 /* LogInViewController.swift in Sources */ = {isa = PBXBuildFile; fileRef = D09E22AB2950C7DA00088851 /* LogInViewController.swift */; };
		D09E22AE2950E3D700088851 /* TabBarController.swift in Sources */ = {isa = PBXBuildFile; fileRef = D09E22AD2950E3D700088851 /* TabBarController.swift */; };
		D09E22B02951E9D300088851 /* SceneDelegate.swift in Sources */ = {isa = PBXBuildFile; fileRef = D09E22AF2951E9D300088851 /* SceneDelegate.swift */; };
		D0A8C6A529536A1800B1CFBB /* PostTableViewCell.swift in Sources */ = {isa = PBXBuildFile; fileRef = D0A8C6A429536A1800B1CFBB /* PostTableViewCell.swift */; };
		D0A8C6A729536A9B00B1CFBB /* Data.swift in Sources */ = {isa = PBXBuildFile; fileRef = D0A8C6A629536A9B00B1CFBB /* Data.swift */; };
		D0B9F9DE294357E7009F40A9 /* AppDelegate.swift in Sources */ = {isa = PBXBuildFile; fileRef = D0B9F9DD294357E7009F40A9 /* AppDelegate.swift */; };
		D0B9F9E7294357E9009F40A9 /* Assets.xcassets in Resources */ = {isa = PBXBuildFile; fileRef = D0B9F9E6294357E9009F40A9 /* Assets.xcassets */; };
		D0B9F9EA294357E9009F40A9 /* LaunchScreen.storyboard in Resources */ = {isa = PBXBuildFile; fileRef = D0B9F9E8294357E9009F40A9 /* LaunchScreen.storyboard */; };
		D0C86D912944F31400C0E06E /* PostViewController.swift in Sources */ = {isa = PBXBuildFile; fileRef = D0C86D902944F31400C0E06E /* PostViewController.swift */; };
		D0C86D932944F33800C0E06E /* Post.swift in Sources */ = {isa = PBXBuildFile; fileRef = D0C86D922944F33800C0E06E /* Post.swift */; };
		D0C86D952944F53E00C0E06E /* InfoViewController.swift in Sources */ = {isa = PBXBuildFile; fileRef = D0C86D942944F53E00C0E06E /* InfoViewController.swift */; };
		D0F5F0C62944C8A000F7F6CE /* FeedViewController.swift in Sources */ = {isa = PBXBuildFile; fileRef = D0F5F0C52944C8A000F7F6CE /* FeedViewController.swift */; };
		D0F5F0C82944C8DC00F7F6CE /* ProfileViewController1.swift in Sources */ = {isa = PBXBuildFile; fileRef = D0F5F0C72944C8DC00F7F6CE /* ProfileViewController1.swift */; };
/* End PBXBuildFile section */

/* Begin PBXFileReference section */
		D01C51D1294B2CBB007A4F98 /* ProfileHeaderView.swift */ = {isa = PBXFileReference; lastKnownFileType = sourcecode.swift; path = ProfileHeaderView.swift; sourceTree = "<group>"; };
		D01C51D3294B2D78007A4F98 /* ProfileViewController.swift */ = {isa = PBXFileReference; lastKnownFileType = sourcecode.swift; path = ProfileViewController.swift; sourceTree = "<group>"; };
		D04C7A8E296D817B009C4AB1 /* PhotosTableViewCell.swift */ = {isa = PBXFileReference; lastKnownFileType = sourcecode.swift; path = PhotosTableViewCell.swift; sourceTree = "<group>"; };
		D04C7A90296D85E7009C4AB1 /* PhotosViewController.swift */ = {isa = PBXFileReference; lastKnownFileType = sourcecode.swift; path = PhotosViewController.swift; sourceTree = "<group>"; };
		D04C7A92296D8637009C4AB1 /* Photo.swift */ = {isa = PBXFileReference; lastKnownFileType = sourcecode.swift; path = Photo.swift; sourceTree = "<group>"; };
		D04C7A94296D867E009C4AB1 /* PhotosCollectionViewCell.swift */ = {isa = PBXFileReference; lastKnownFileType = sourcecode.swift; path = PhotosCollectionViewCell.swift; sourceTree = "<group>"; };
		D09E22AB2950C7DA00088851 /* LogInViewController.swift */ = {isa = PBXFileReference; lastKnownFileType = sourcecode.swift; path = LogInViewController.swift; sourceTree = "<group>"; };
		D09E22AD2950E3D700088851 /* TabBarController.swift */ = {isa = PBXFileReference; lastKnownFileType = sourcecode.swift; path = TabBarController.swift; sourceTree = "<group>"; };
		D09E22AF2951E9D300088851 /* SceneDelegate.swift */ = {isa = PBXFileReference; lastKnownFileType = sourcecode.swift; path = SceneDelegate.swift; sourceTree = "<group>"; };
		D0A8C6A429536A1800B1CFBB /* PostTableViewCell.swift */ = {isa = PBXFileReference; lastKnownFileType = sourcecode.swift; path = PostTableViewCell.swift; sourceTree = "<group>"; };
		D0A8C6A629536A9B00B1CFBB /* Data.swift */ = {isa = PBXFileReference; lastKnownFileType = sourcecode.swift; path = Data.swift; sourceTree = "<group>"; };
		D0B9F9DA294357E7009F40A9 /* Navigation.app */ = {isa = PBXFileReference; explicitFileType = wrapper.application; includeInIndex = 0; path = Navigation.app; sourceTree = BUILT_PRODUCTS_DIR; };
		D0B9F9DD294357E7009F40A9 /* AppDelegate.swift */ = {isa = PBXFileReference; lastKnownFileType = sourcecode.swift; path = AppDelegate.swift; sourceTree = "<group>"; };
		D0B9F9E6294357E9009F40A9 /* Assets.xcassets */ = {isa = PBXFileReference; lastKnownFileType = folder.assetcatalog; path = Assets.xcassets; sourceTree = "<group>"; };
		D0B9F9E9294357E9009F40A9 /* Base */ = {isa = PBXFileReference; lastKnownFileType = file.storyboard; name = Base; path = Base.lproj/LaunchScreen.storyboard; sourceTree = "<group>"; };
		D0B9F9EB294357E9009F40A9 /* Info.plist */ = {isa = PBXFileReference; lastKnownFileType = text.plist.xml; path = Info.plist; sourceTree = "<group>"; };
		D0C86D902944F31400C0E06E /* PostViewController.swift */ = {isa = PBXFileReference; lastKnownFileType = sourcecode.swift; path = PostViewController.swift; sourceTree = "<group>"; };
		D0C86D922944F33800C0E06E /* Post.swift */ = {isa = PBXFileReference; lastKnownFileType = sourcecode.swift; path = Post.swift; sourceTree = "<group>"; };
		D0C86D942944F53E00C0E06E /* InfoViewController.swift */ = {isa = PBXFileReference; lastKnownFileType = sourcecode.swift; path = InfoViewController.swift; sourceTree = "<group>"; };
		D0F5F0C52944C8A000F7F6CE /* FeedViewController.swift */ = {isa = PBXFileReference; lastKnownFileType = sourcecode.swift; path = FeedViewController.swift; sourceTree = "<group>"; };
		D0F5F0C72944C8DC00F7F6CE /* ProfileViewController1.swift */ = {isa = PBXFileReference; lastKnownFileType = sourcecode.swift; path = ProfileViewController1.swift; sourceTree = "<group>"; };
/* End PBXFileReference section */

/* Begin PBXFrameworksBuildPhase section */
		D0B9F9D7294357E7009F40A9 /* Frameworks */ = {
			isa = PBXFrameworksBuildPhase;
			buildActionMask = 2147483647;
			files = (
			);
			runOnlyForDeploymentPostprocessing = 0;
		};
/* End PBXFrameworksBuildPhase section */

/* Begin PBXGroup section */
		D01C51D0294B29BD007A4F98 /* Profile */ = {
			isa = PBXGroup;
			children = (
				D0F5F0C72944C8DC00F7F6CE /* ProfileViewController1.swift */,
				D01C51D1294B2CBB007A4F98 /* ProfileHeaderView.swift */,
				D04C7A8E296D817B009C4AB1 /* PhotosTableViewCell.swift */,
				D04C7A94296D867E009C4AB1 /* PhotosCollectionViewCell.swift */,
				D0A8C6A429536A1800B1CFBB /* PostTableViewCell.swift */,
				D0A8C6A829536AB200B1CFBB /* Model */,
			);
			path = Profile;
			sourceTree = "<group>";
		};
		D01C51D5294B2E7C007A4F98 /* VKGrup */ = {
			isa = PBXGroup;
			children = (
				D0F5F0C52944C8A000F7F6CE /* FeedViewController.swift */,
				D0C86D902944F31400C0E06E /* PostViewController.swift */,
				D0C86D942944F53E00C0E06E /* InfoViewController.swift */,
				D09E22AB2950C7DA00088851 /* LogInViewController.swift */,
				D01C51D3294B2D78007A4F98 /* ProfileViewController.swift */,
				D04C7A90296D85E7009C4AB1 /* PhotosViewController.swift */,
				D04C7A92296D8637009C4AB1 /* Photo.swift */,
			);
			path = VKGrup;
			sourceTree = "<group>";
		};
		D0A8C6A829536AB200B1CFBB /* Model */ = {
			isa = PBXGroup;
			children = (
				D0C86D922944F33800C0E06E /* Post.swift */,
				D0A8C6A629536A9B00B1CFBB /* Data.swift */,
			);
			path = Model;
			sourceTree = "<group>";
		};
		D0B9F9D1294357E7009F40A9 = {
			isa = PBXGroup;
			children = (
				D0B9F9DC294357E7009F40A9 /* Navigation */,
				D0B9F9DB294357E7009F40A9 /* Products */,
			);
			sourceTree = "<group>";
		};
		D0B9F9DB294357E7009F40A9 /* Products */ = {
			isa = PBXGroup;
			children = (
				D0B9F9DA294357E7009F40A9 /* Navigation.app */,
			);
			name = Products;
			sourceTree = "<group>";
		};
		D0B9F9DC294357E7009F40A9 /* Navigation */ = {
			isa = PBXGroup;
			children = (
				D0B9F9DD294357E7009F40A9 /* AppDelegate.swift */,
				D09E22AF2951E9D300088851 /* SceneDelegate.swift */,
				D09E22AD2950E3D700088851 /* TabBarController.swift */,
				D01C51D5294B2E7C007A4F98 /* VKGrup */,
				D01C51D0294B29BD007A4F98 /* Profile */,
				D0B9F9E6294357E9009F40A9 /* Assets.xcassets */,
				D0B9F9E8294357E9009F40A9 /* LaunchScreen.storyboard */,
				D0B9F9EB294357E9009F40A9 /* Info.plist */,
			);
			path = Navigation;
			sourceTree = "<group>";
		};
/* End PBXGroup section */

/* Begin PBXNativeTarget section */
		D0B9F9D9294357E7009F40A9 /* Navigation */ = {
			isa = PBXNativeTarget;
			buildConfigurationList = D0B9F9EE294357E9009F40A9 /* Build configuration list for PBXNativeTarget "Navigation" */;
			buildPhases = (
				D0B9F9D6294357E7009F40A9 /* Sources */,
				D0B9F9D7294357E7009F40A9 /* Frameworks */,
				D0B9F9D8294357E7009F40A9 /* Resources */,
			);
			buildRules = (
			);
			dependencies = (
			);
			name = Navigation;
			productName = Navigation;
			productReference = D0B9F9DA294357E7009F40A9 /* Navigation.app */;
			productType = "com.apple.product-type.application";
		};
/* End PBXNativeTarget section */

/* Begin PBXProject section */
		D0B9F9D2294357E7009F40A9 /* Project object */ = {
			isa = PBXProject;
			attributes = {
				BuildIndependentTargetsInParallel = 1;
				LastSwiftUpdateCheck = 1400;
				LastUpgradeCheck = 1400;
				TargetAttributes = {
					D0B9F9D9294357E7009F40A9 = {
						CreatedOnToolsVersion = 14.0;
					};
				};
			};
			buildConfigurationList = D0B9F9D5294357E7009F40A9 /* Build configuration list for PBXProject "Navigation" */;
			compatibilityVersion = "Xcode 14.0";
			developmentRegion = en;
			hasScannedForEncodings = 0;
			knownRegions = (
				en,
				Base,
			);
			mainGroup = D0B9F9D1294357E7009F40A9;
			productRefGroup = D0B9F9DB294357E7009F40A9 /* Products */;
			projectDirPath = "";
			projectRoot = "";
			targets = (
				D0B9F9D9294357E7009F40A9 /* Navigation */,
			);
		};
/* End PBXProject section */

/* Begin PBXResourcesBuildPhase section */
		D0B9F9D8294357E7009F40A9 /* Resources */ = {
			isa = PBXResourcesBuildPhase;
			buildActionMask = 2147483647;
			files = (
				D0B9F9EA294357E9009F40A9 /* LaunchScreen.storyboard in Resources */,
				D0B9F9E7294357E9009F40A9 /* Assets.xcassets in Resources */,
			);
			runOnlyForDeploymentPostprocessing = 0;
		};
/* End PBXResourcesBuildPhase section */

/* Begin PBXSourcesBuildPhase section */
		D0B9F9D6294357E7009F40A9 /* Sources */ = {
			isa = PBXSourcesBuildPhase;
			buildActionMask = 2147483647;
			files = (
				D04C7A93296D8637009C4AB1 /* Photo.swift in Sources */,
				D0C86D912944F31400C0E06E /* PostViewController.swift in Sources */,
				D0F5F0C82944C8DC00F7F6CE /* ProfileViewController1.swift in Sources */,
				D0F5F0C62944C8A000F7F6CE /* FeedViewController.swift in Sources */,
				D0C86D952944F53E00C0E06E /* InfoViewController.swift in Sources */,
				D0B9F9DE294357E7009F40A9 /* AppDelegate.swift in Sources */,
				D0C86D932944F33800C0E06E /* Post.swift in Sources */,
				D01C51D4294B2D78007A4F98 /* ProfileViewController.swift in Sources */,
				D09E22B02951E9D300088851 /* SceneDelegate.swift in Sources */,
				D04C7A8F296D817B009C4AB1 /* PhotosTableViewCell.swift in Sources */,
				D04C7A91296D85E7009C4AB1 /* PhotosViewController.swift in Sources */,
				D0A8C6A729536A9B00B1CFBB /* Data.swift in Sources */,
				D09E22AE2950E3D700088851 /* TabBarController.swift in Sources */,
				D09E22AC2950C7DA00088851 /* LogInViewController.swift in Sources */,
				D04C7A95296D867E009C4AB1 /* PhotosCollectionViewCell.swift in Sources */,
				D01C51D2294B2CBB007A4F98 /* ProfileHeaderView.swift in Sources */,
				D0A8C6A529536A1800B1CFBB /* PostTableViewCell.swift in Sources */,
			);
			runOnlyForDeploymentPostprocessing = 0;
		};
/* End PBXSourcesBuildPhase section */

/* Begin PBXVariantGroup section */
		D0B9F9E8294357E9009F40A9 /* LaunchScreen.storyboard */ = {
			isa = PBXVariantGroup;
			children = (
				D0B9F9E9294357E9009F40A9 /* Base */,
			);
			name = LaunchScreen.storyboard;
			sourceTree = "<group>";
		};
/* End PBXVariantGroup section */

/* Begin XCBuildConfiguration section */
		D0B9F9EC294357E9009F40A9 /* Debug */ = {
			isa = XCBuildConfiguration;
			buildSettings = {
				ALWAYS_SEARCH_USER_PATHS = NO;
				CLANG_ANALYZER_NONNULL = YES;
				CLANG_ANALYZER_NUMBER_OBJECT_CONVERSION = YES_AGGRESSIVE;
				CLANG_CXX_LANGUAGE_STANDARD = "gnu++20";
				CLANG_ENABLE_MODULES = YES;
				CLANG_ENABLE_OBJC_ARC = YES;
				CLANG_ENABLE_OBJC_WEAK = YES;
				CLANG_WARN_BLOCK_CAPTURE_AUTORELEASING = YES;
				CLANG_WARN_BOOL_CONVERSION = YES;
				CLANG_WARN_COMMA = YES;
				CLANG_WARN_CONSTANT_CONVERSION = YES;
				CLANG_WARN_DEPRECATED_OBJC_IMPLEMENTATIONS = YES;
				CLANG_WARN_DIRECT_OBJC_ISA_USAGE = YES_ERROR;
				CLANG_WARN_DOCUMENTATION_COMMENTS = YES;
				CLANG_WARN_EMPTY_BODY = YES;
				CLANG_WARN_ENUM_CONVERSION = YES;
				CLANG_WARN_INFINITE_RECURSION = YES;
				CLANG_WARN_INT_CONVERSION = YES;
				CLANG_WARN_NON_LITERAL_NULL_CONVERSION = YES;
				CLANG_WARN_OBJC_IMPLICIT_RETAIN_SELF = YES;
				CLANG_WARN_OBJC_LITERAL_CONVERSION = YES;
				CLANG_WARN_OBJC_ROOT_CLASS = YES_ERROR;
				CLANG_WARN_QUOTED_INCLUDE_IN_FRAMEWORK_HEADER = YES;
				CLANG_WARN_RANGE_LOOP_ANALYSIS = YES;
				CLANG_WARN_STRICT_PROTOTYPES = YES;
				CLANG_WARN_SUSPICIOUS_MOVE = YES;
				CLANG_WARN_UNGUARDED_AVAILABILITY = YES_AGGRESSIVE;
				CLANG_WARN_UNREACHABLE_CODE = YES;
				CLANG_WARN__DUPLICATE_METHOD_MATCH = YES;
				COPY_PHASE_STRIP = NO;
				DEBUG_INFORMATION_FORMAT = dwarf;
				ENABLE_STRICT_OBJC_MSGSEND = YES;
				ENABLE_TESTABILITY = YES;
				GCC_C_LANGUAGE_STANDARD = gnu11;
				GCC_DYNAMIC_NO_PIC = NO;
				GCC_NO_COMMON_BLOCKS = YES;
				GCC_OPTIMIZATION_LEVEL = 0;
				GCC_PREPROCESSOR_DEFINITIONS = (
					"DEBUG=1",
					"$(inherited)",
				);
				GCC_WARN_64_TO_32_BIT_CONVERSION = YES;
				GCC_WARN_ABOUT_RETURN_TYPE = YES_ERROR;
				GCC_WARN_UNDECLARED_SELECTOR = YES;
				GCC_WARN_UNINITIALIZED_AUTOS = YES_AGGRESSIVE;
				GCC_WARN_UNUSED_FUNCTION = YES;
				GCC_WARN_UNUSED_VARIABLE = YES;
				IPHONEOS_DEPLOYMENT_TARGET = 16.0;
				MTL_ENABLE_DEBUG_INFO = INCLUDE_SOURCE;
				MTL_FAST_MATH = YES;
				ONLY_ACTIVE_ARCH = YES;
				SDKROOT = iphoneos;
				SWIFT_ACTIVE_COMPILATION_CONDITIONS = DEBUG;
				SWIFT_OPTIMIZATION_LEVEL = "-Onone";
			};
			name = Debug;
		};
		D0B9F9ED294357E9009F40A9 /* Release */ = {
			isa = XCBuildConfiguration;
			buildSettings = {
				ALWAYS_SEARCH_USER_PATHS = NO;
				CLANG_ANALYZER_NONNULL = YES;
				CLANG_ANALYZER_NUMBER_OBJECT_CONVERSION = YES_AGGRESSIVE;
				CLANG_CXX_LANGUAGE_STANDARD = "gnu++20";
				CLANG_ENABLE_MODULES = YES;
				CLANG_ENABLE_OBJC_ARC = YES;
				CLANG_ENABLE_OBJC_WEAK = YES;
				CLANG_WARN_BLOCK_CAPTURE_AUTORELEASING = YES;
				CLANG_WARN_BOOL_CONVERSION = YES;
				CLANG_WARN_COMMA = YES;
				CLANG_WARN_CONSTANT_CONVERSION = YES;
				CLANG_WARN_DEPRECATED_OBJC_IMPLEMENTATIONS = YES;
				CLANG_WARN_DIRECT_OBJC_ISA_USAGE = YES_ERROR;
				CLANG_WARN_DOCUMENTATION_COMMENTS = YES;
				CLANG_WARN_EMPTY_BODY = YES;
				CLANG_WARN_ENUM_CONVERSION = YES;
				CLANG_WARN_INFINITE_RECURSION = YES;
				CLANG_WARN_INT_CONVERSION = YES;
				CLANG_WARN_NON_LITERAL_NULL_CONVERSION = YES;
				CLANG_WARN_OBJC_IMPLICIT_RETAIN_SELF = YES;
				CLANG_WARN_OBJC_LITERAL_CONVERSION = YES;
				CLANG_WARN_OBJC_ROOT_CLASS = YES_ERROR;
				CLANG_WARN_QUOTED_INCLUDE_IN_FRAMEWORK_HEADER = YES;
				CLANG_WARN_RANGE_LOOP_ANALYSIS = YES;
				CLANG_WARN_STRICT_PROTOTYPES = YES;
				CLANG_WARN_SUSPICIOUS_MOVE = YES;
				CLANG_WARN_UNGUARDED_AVAILABILITY = YES_AGGRESSIVE;
				CLANG_WARN_UNREACHABLE_CODE = YES;
				CLANG_WARN__DUPLICATE_METHOD_MATCH = YES;
				COPY_PHASE_STRIP = NO;
				DEBUG_INFORMATION_FORMAT = "dwarf-with-dsym";
				ENABLE_NS_ASSERTIONS = NO;
				ENABLE_STRICT_OBJC_MSGSEND = YES;
				GCC_C_LANGUAGE_STANDARD = gnu11;
				GCC_NO_COMMON_BLOCKS = YES;
				GCC_WARN_64_TO_32_BIT_CONVERSION = YES;
				GCC_WARN_ABOUT_RETURN_TYPE = YES_ERROR;
				GCC_WARN_UNDECLARED_SELECTOR = YES;
				GCC_WARN_UNINITIALIZED_AUTOS = YES_AGGRESSIVE;
				GCC_WARN_UNUSED_FUNCTION = YES;
				GCC_WARN_UNUSED_VARIABLE = YES;
				IPHONEOS_DEPLOYMENT_TARGET = 16.0;
				MTL_ENABLE_DEBUG_INFO = NO;
				MTL_FAST_MATH = YES;
				SDKROOT = iphoneos;
				SWIFT_COMPILATION_MODE = wholemodule;
				SWIFT_OPTIMIZATION_LEVEL = "-O";
				VALIDATE_PRODUCT = YES;
			};
			name = Release;
		};
		D0B9F9EF294357E9009F40A9 /* Debug */ = {
			isa = XCBuildConfiguration;
			buildSettings = {
				ASSETCATALOG_COMPILER_APPICON_NAME = AppIcon;
				ASSETCATALOG_COMPILER_GLOBAL_ACCENT_COLOR_NAME = AccentColor;
				CODE_SIGN_STYLE = Automatic;
				CURRENT_PROJECT_VERSION = 1;
				DEVELOPMENT_TEAM = RF288M566Y;
				GENERATE_INFOPLIST_FILE = YES;
				INFOPLIST_FILE = Navigation/Info.plist;
				INFOPLIST_KEY_UIApplicationSupportsIndirectInputEvents = YES;
				INFOPLIST_KEY_UILaunchStoryboardName = LaunchScreen;
				INFOPLIST_KEY_UISupportedInterfaceOrientations_iPad = "UIInterfaceOrientationPortrait UIInterfaceOrientationPortraitUpsideDown UIInterfaceOrientationLandscapeLeft UIInterfaceOrientationLandscapeRight";
				INFOPLIST_KEY_UISupportedInterfaceOrientations_iPhone = "UIInterfaceOrientationPortrait UIInterfaceOrientationLandscapeLeft UIInterfaceOrientationLandscapeRight";
				LD_RUNPATH_SEARCH_PATHS = (
					"$(inherited)",
					"@executable_path/Frameworks",
				);
				MARKETING_VERSION = 1.0;
				PRODUCT_BUNDLE_IDENTIFIER = "netology-";
				PRODUCT_NAME = "$(TARGET_NAME)";
				SWIFT_EMIT_LOC_STRINGS = YES;
				SWIFT_VERSION = 5.0;
				TARGETED_DEVICE_FAMILY = "1,2";
			};
			name = Debug;
		};
		D0B9F9F0294357E9009F40A9 /* Release */ = {
			isa = XCBuildConfiguration;
			buildSettings = {
				ASSETCATALOG_COMPILER_APPICON_NAME = AppIcon;
				ASSETCATALOG_COMPILER_GLOBAL_ACCENT_COLOR_NAME = AccentColor;
				CODE_SIGN_STYLE = Automatic;
				CURRENT_PROJECT_VERSION = 1;
				DEVELOPMENT_TEAM = RF288M566Y;
				GENERATE_INFOPLIST_FILE = YES;
				INFOPLIST_FILE = Navigation/Info.plist;
				INFOPLIST_KEY_UIApplicationSupportsIndirectInputEvents = YES;
				INFOPLIST_KEY_UILaunchStoryboardName = LaunchScreen;
				INFOPLIST_KEY_UISupportedInterfaceOrientations_iPad = "UIInterfaceOrientationPortrait UIInterfaceOrientationPortraitUpsideDown UIInterfaceOrientationLandscapeLeft UIInterfaceOrientationLandscapeRight";
				INFOPLIST_KEY_UISupportedInterfaceOrientations_iPhone = "UIInterfaceOrientationPortrait UIInterfaceOrientationLandscapeLeft UIInterfaceOrientationLandscapeRight";
				LD_RUNPATH_SEARCH_PATHS = (
					"$(inherited)",
					"@executable_path/Frameworks",
				);
				MARKETING_VERSION = 1.0;
				PRODUCT_BUNDLE_IDENTIFIER = "netology-";
				PRODUCT_NAME = "$(TARGET_NAME)";
				SWIFT_EMIT_LOC_STRINGS = YES;
				SWIFT_VERSION = 5.0;
				TARGETED_DEVICE_FAMILY = "1,2";
			};
			name = Release;
		};
/* End XCBuildConfiguration section */

/* Begin XCConfigurationList section */
		D0B9F9D5294357E7009F40A9 /* Build configuration list for PBXProject "Navigation" */ = {
			isa = XCConfigurationList;
			buildConfigurations = (
				D0B9F9EC294357E9009F40A9 /* Debug */,
				D0B9F9ED294357E9009F40A9 /* Release */,
			);
			defaultConfigurationIsVisible = 0;
			defaultConfigurationName = Release;
		};
		D0B9F9EE294357E9009F40A9 /* Build configuration list for PBXNativeTarget "Navigation" */ = {
			isa = XCConfigurationList;
			buildConfigurations = (
				D0B9F9EF294357E9009F40A9 /* Debug */,
				D0B9F9F0294357E9009F40A9 /* Release */,
			);
			defaultConfigurationIsVisible = 0;
			defaultConfigurationName = Release;
		};
/* End XCConfigurationList section */
	};
	rootObject = D0B9F9D2294357E7009F40A9 /* Project object */;
}
